
Microsoft Visual Studio Solution File, Format Version 12.00
# Visual Studio Version 16
VisualStudioVersion = 16.0.29411.108
MinimumVisualStudioVersion = 10.0.40219.1
Project("{9A19103F-16F7-4668-BE54-9A1E7A4F7556}") = "PasswordStrengthChecker", "PasswordStrengthChecker\PasswordStrengthChecker.csproj", "{668DA973-112D-463A-BDCF-EABD28E1981C}"
EndProject
Project("{FAE04EC0-301F-11D3-BF4B-00C04F79EFBC}") = "PasswordStrengthChecker.Tests", "PasswordStrengthChecker.TestsTests\PasswordStrengthChecker.Tests.csproj", "{45E22606-2CCD-4669-A207-00DC1FE43443}"
EndProject
Global
	GlobalSection(SolutionConfigurationPlatforms) = preSolution
		Debug|Any CPU = Debug|Any CPU
		Release|Any CPU = Release|Any CPU
	EndGlobalSection
	GlobalSection(ProjectConfigurationPlatforms) = postSolution
		{668DA973-112D-463A-BDCF-EABD28E1981C}.Debug|Any CPU.ActiveCfg = Debug|Any CPU
		{668DA973-112D-463A-BDCF-EABD28E1981C}.Debug|Any CPU.Build.0 = Debug|Any CPU
		{668DA973-112D-463A-BDCF-EABD28E1981C}.Release|Any CPU.ActiveCfg = Release|Any CPU
		{668DA973-112D-463A-BDCF-EABD28E1981C}.Release|Any CPU.Build.0 = Release|Any CPU
		{45E22606-2CCD-4669-A207-00DC1FE43443}.Debug|Any CPU.ActiveCfg = Debug|Any CPU
		{45E22606-2CCD-4669-A207-00DC1FE43443}.Debug|Any CPU.Build.0 = Debug|Any CPU
		{45E22606-2CCD-4669-A207-00DC1FE43443}.Release|Any CPU.ActiveCfg = Release|Any CPU
		{45E22606-2CCD-4669-A207-00DC1FE43443}.Release|Any CPU.Build.0 = Release|Any CPU
	EndGlobalSection
	GlobalSection(SolutionProperties) = preSolution
		HideSolutionNode = FALSE
	EndGlobalSection
	GlobalSection(ExtensibilityGlobals) = postSolution
		SolutionGuid = {97E45CFC-F98A-4E8B-923A-1A16AA1B2A5F}
	EndGlobalSection
EndGlobal
